
Microsoft Visual Studio Solution File, Format Version 12.00
# Visual Studio Version 17
VisualStudioVersion = 17.11.35312.102
MinimumVisualStudioVersion = 10.0.40219.1
Project("{9A19103F-16F7-4668-BE54-9A1E7A4F7556}") = "Week5_Pratik1", "Week5_Pratik1\Week5_Pratik1.csproj", "{AE35B8A2-4F78-45D7-A6A7-A7D1ED9FCE72}"
EndProject
Project("{9A19103F-16F7-4668-BE54-9A1E7A4F7556}") = "Week5_Pratik2", "Week5_Pratik2\Week5_Pratik2.csproj", "{9006F61D-B7DC-49BF-9499-641C051AFE74}"
EndProject
Project("{9A19103F-16F7-4668-BE54-9A1E7A4F7556}") = "Week5_Pratik3", "Week5_Pratik3\Week5_Pratik3.csproj", "{38849E1B-C1C5-4845-941D-E0E9FBCC1685}"
EndProject
Project("{FAE04EC0-301F-11D3-BF4B-00C04F79EFBC}") = "Week5_Pratik4", "Week5_Pratik4\Week5_Pratik4.csproj", "{DED989D8-1C6F-4720-8573-747E63BD2859}"
EndProject
Project("{FAE04EC0-301F-11D3-BF4B-00C04F79EFBC}") = "Week5_Pratik5", "Week5_Pratik5\Week5_Pratik5.csproj", "{4147EF0C-653B-4462-8C47-271CF8B8B1B6}"
EndProject
Global
	GlobalSection(SolutionConfigurationPlatforms) = preSolution
		Debug|Any CPU = Debug|Any CPU
		Release|Any CPU = Release|Any CPU
	EndGlobalSection
	GlobalSection(ProjectConfigurationPlatforms) = postSolution
		{AE35B8A2-4F78-45D7-A6A7-A7D1ED9FCE72}.Debug|Any CPU.ActiveCfg = Debug|Any CPU
		{AE35B8A2-4F78-45D7-A6A7-A7D1ED9FCE72}.Debug|Any CPU.Build.0 = Debug|Any CPU
		{AE35B8A2-4F78-45D7-A6A7-A7D1ED9FCE72}.Release|Any CPU.ActiveCfg = Release|Any CPU
		{AE35B8A2-4F78-45D7-A6A7-A7D1ED9FCE72}.Release|Any CPU.Build.0 = Release|Any CPU
		{9006F61D-B7DC-49BF-9499-641C051AFE74}.Debug|Any CPU.ActiveCfg = Debug|Any CPU
		{9006F61D-B7DC-49BF-9499-641C051AFE74}.Debug|Any CPU.Build.0 = Debug|Any CPU
		{9006F61D-B7DC-49BF-9499-641C051AFE74}.Release|Any CPU.ActiveCfg = Release|Any CPU
		{9006F61D-B7DC-49BF-9499-641C051AFE74}.Release|Any CPU.Build.0 = Release|Any CPU
		{38849E1B-C1C5-4845-941D-E0E9FBCC1685}.Debug|Any CPU.ActiveCfg = Debug|Any CPU
		{38849E1B-C1C5-4845-941D-E0E9FBCC1685}.Debug|Any CPU.Build.0 = Debug|Any CPU
		{38849E1B-C1C5-4845-941D-E0E9FBCC1685}.Release|Any CPU.ActiveCfg = Release|Any CPU
		{38849E1B-C1C5-4845-941D-E0E9FBCC1685}.Release|Any CPU.Build.0 = Release|Any CPU
		{DED989D8-1C6F-4720-8573-747E63BD2859}.Debug|Any CPU.ActiveCfg = Debug|Any CPU
		{DED989D8-1C6F-4720-8573-747E63BD2859}.Debug|Any CPU.Build.0 = Debug|Any CPU
		{DED989D8-1C6F-4720-8573-747E63BD2859}.Release|Any CPU.ActiveCfg = Release|Any CPU
		{DED989D8-1C6F-4720-8573-747E63BD2859}.Release|Any CPU.Build.0 = Release|Any CPU
		{4147EF0C-653B-4462-8C47-271CF8B8B1B6}.Debug|Any CPU.ActiveCfg = Debug|Any CPU
		{4147EF0C-653B-4462-8C47-271CF8B8B1B6}.Debug|Any CPU.Build.0 = Debug|Any CPU
		{4147EF0C-653B-4462-8C47-271CF8B8B1B6}.Release|Any CPU.ActiveCfg = Release|Any CPU
		{4147EF0C-653B-4462-8C47-271CF8B8B1B6}.Release|Any CPU.Build.0 = Release|Any CPU
	EndGlobalSection
	GlobalSection(SolutionProperties) = preSolution
		HideSolutionNode = FALSE
	EndGlobalSection
	GlobalSection(ExtensibilityGlobals) = postSolution
		SolutionGuid = {E16B98DE-5151-4F1F-8E78-12C72B1051D8}
	EndGlobalSection
EndGlobal
