
Microsoft Visual Studio Solution File, Format Version 12.00
# Visual Studio Version 17
VisualStudioVersion = 17.11.35312.102
MinimumVisualStudioVersion = 10.0.40219.1
Project("{FAE04EC0-301F-11D3-BF4B-00C04F79EFBC}") = "Week5_Pratik1", "Week5_Pratik1\Week5_Pratik1.csproj", "{AE35B8A2-4F78-45D7-A6A7-A7D1ED9FCE72}"
EndProject
Global
	GlobalSection(SolutionConfigurationPlatforms) = preSolution
		Debug|Any CPU = Debug|Any CPU
		Release|Any CPU = Release|Any CPU
	EndGlobalSection
	GlobalSection(ProjectConfigurationPlatforms) = postSolution
		{AE35B8A2-4F78-45D7-A6A7-A7D1ED9FCE72}.Debug|Any CPU.ActiveCfg = Debug|Any CPU
		{AE35B8A2-4F78-45D7-A6A7-A7D1ED9FCE72}.Debug|Any CPU.Build.0 = Debug|Any CPU
		{AE35B8A2-4F78-45D7-A6A7-A7D1ED9FCE72}.Release|Any CPU.ActiveCfg = Release|Any CPU
		{AE35B8A2-4F78-45D7-A6A7-A7D1ED9FCE72}.Release|Any CPU.Build.0 = Release|Any CPU
	EndGlobalSection
	GlobalSection(SolutionProperties) = preSolution
		HideSolutionNode = FALSE
	EndGlobalSection
	GlobalSection(ExtensibilityGlobals) = postSolution
		SolutionGuid = {E16B98DE-5151-4F1F-8E78-12C72B1051D8}
	EndGlobalSection
EndGlobal
